
Microsoft Visual Studio Solution File, Format Version 12.00
# Visual Studio Version 16
VisualStudioVersion = 16.0.31313.79
MinimumVisualStudioVersion = 10.0.40219.1
Project("{FAE04EC0-301F-11D3-BF4B-00C04F79EFBC}") = "Ejercicio2", "Ejercicio2.csproj", "{A31CD086-F953-4062-A250-76A70664157F}"
EndProject
Global
	GlobalSection(SolutionConfigurationPlatforms) = preSolution
		Debug|Any CPU = Debug|Any CPU
		Release|Any CPU = Release|Any CPU
	EndGlobalSection
	GlobalSection(ProjectConfigurationPlatforms) = postSolution
		{A31CD086-F953-4062-A250-76A70664157F}.Debug|Any CPU.ActiveCfg = Debug|Any CPU
		{A31CD086-F953-4062-A250-76A70664157F}.Debug|Any CPU.Build.0 = Debug|Any CPU
		{A31CD086-F953-4062-A250-76A70664157F}.Debug|Any CPU.Deploy.0 = Debug|Any CPU
		{A31CD086-F953-4062-A250-76A70664157F}.Release|Any CPU.ActiveCfg = Release|Any CPU
		{A31CD086-F953-4062-A250-76A70664157F}.Release|Any CPU.Build.0 = Release|Any CPU
		{A31CD086-F953-4062-A250-76A70664157F}.Release|Any CPU.Deploy.0 = Release|Any CPU
	EndGlobalSection
	GlobalSection(SolutionProperties) = preSolution
		HideSolutionNode = FALSE
	EndGlobalSection
	GlobalSection(ExtensibilityGlobals) = postSolution
		SolutionGuid = {45A111B9-E966-4252-A938-12C30C4D6046}
	EndGlobalSection
EndGlobal
